// !$*UTF8*$!
{
	archiveVersion = 1;
	classes = {
	};
	objectVersion = 48;
	objects = {

/* Begin PBXBuildFile section */
		A9DB6A5EE16C804D8CABCD0B /* Pods_GitHubExplorer.framework in Frameworks */ = {isa = PBXBuildFile; fileRef = 9BC18E4E46CBCC4122DA969A /* Pods_GitHubExplorer.framework */; };
		CD1F54261FEB2703009B0E5A /* API.swift in Sources */ = {isa = PBXBuildFile; fileRef = CD1F54251FEB2703009B0E5A /* API.swift */; };
		CD1F54281FEB2BE7009B0E5A /* RequestProvider.swift in Sources */ = {isa = PBXBuildFile; fileRef = CD1F54271FEB2BE7009B0E5A /* RequestProvider.swift */; };
		CD1F542A1FEB3C9B009B0E5A /* APIError.swift in Sources */ = {isa = PBXBuildFile; fileRef = CD1F54291FEB3C9B009B0E5A /* APIError.swift */; };
		CD3BB8561FDFD165003CBC75 /* AppDelegate.swift in Sources */ = {isa = PBXBuildFile; fileRef = CD3BB8551FDFD165003CBC75 /* AppDelegate.swift */; };
		CD3BB8581FDFD165003CBC75 /* RepositoriesViewController.swift in Sources */ = {isa = PBXBuildFile; fileRef = CD3BB8571FDFD165003CBC75 /* RepositoriesViewController.swift */; };
		CD3BB85B1FDFD165003CBC75 /* Main.storyboard in Resources */ = {isa = PBXBuildFile; fileRef = CD3BB8591FDFD165003CBC75 /* Main.storyboard */; };
		CD3BB85D1FDFD165003CBC75 /* Assets.xcassets in Resources */ = {isa = PBXBuildFile; fileRef = CD3BB85C1FDFD165003CBC75 /* Assets.xcassets */; };
		CD3BB8601FDFD165003CBC75 /* LaunchScreen.storyboard in Resources */ = {isa = PBXBuildFile; fileRef = CD3BB85E1FDFD165003CBC75 /* LaunchScreen.storyboard */; };
		CD3BB8711FDFE166003CBC75 /* CommitsViewController.swift in Sources */ = {isa = PBXBuildFile; fileRef = CD3BB8701FDFE166003CBC75 /* CommitsViewController.swift */; };
		CD3BB8731FDFE192003CBC75 /* ReleasesViewController.swift in Sources */ = {isa = PBXBuildFile; fileRef = CD3BB8721FDFE192003CBC75 /* ReleasesViewController.swift */; };
		CDB2F39F1FE559490079CFE7 /* R.generated.swift in Sources */ = {isa = PBXBuildFile; fileRef = CDB2F39E1FE559480079CFE7 /* R.generated.swift */; };
		CDB2F3A61FE5E2720079CFE7 /* GitHubAPI.swift in Sources */ = {isa = PBXBuildFile; fileRef = CDB2F3A51FE5E2720079CFE7 /* GitHubAPI.swift */; };
		CDB2F3AB1FE699920079CFE7 /* Organization.swift in Sources */ = {isa = PBXBuildFile; fileRef = CDB2F3AA1FE699920079CFE7 /* Organization.swift */; };
		CDB2F3AF1FE6A3E00079CFE7 /* Repository.swift in Sources */ = {isa = PBXBuildFile; fileRef = CDB2F3AE1FE6A3E00079CFE7 /* Repository.swift */; };
		CDB2F3B11FE6A9380079CFE7 /* Commit.swift in Sources */ = {isa = PBXBuildFile; fileRef = CDB2F3B01FE6A9380079CFE7 /* Commit.swift */; };
		CDB2F3B31FE6A94F0079CFE7 /* Release.swift in Sources */ = {isa = PBXBuildFile; fileRef = CDB2F3B21FE6A94F0079CFE7 /* Release.swift */; };
		CDB2F3B51FE6AB900079CFE7 /* User.swift in Sources */ = {isa = PBXBuildFile; fileRef = CDB2F3B41FE6AB900079CFE7 /* User.swift */; };
		CDB2F3B71FE6BD0C0079CFE7 /* GitHubRequestProvider.swift in Sources */ = {isa = PBXBuildFile; fileRef = CDB2F3B61FE6BD0C0079CFE7 /* GitHubRequestProvider.swift */; };
		CDB8F22F1FE549B60060F5C0 /* Localized.strings in Resources */ = {isa = PBXBuildFile; fileRef = CDB8F22E1FE549B60060F5C0 /* Localized.strings */; };
/* End PBXBuildFile section */

/* Begin PBXFileReference section */
		07AB63340D0EE7B9A5A0938A /* Pods-GitHubExplorer.release.xcconfig */ = {isa = PBXFileReference; includeInIndex = 1; lastKnownFileType = text.xcconfig; name = "Pods-GitHubExplorer.release.xcconfig"; path = "Pods/Target Support Files/Pods-GitHubExplorer/Pods-GitHubExplorer.release.xcconfig"; sourceTree = "<group>"; };
		5ABFC5F1F6C9D96582B01C70 /* Pods-GitHubExplorer.debug.xcconfig */ = {isa = PBXFileReference; includeInIndex = 1; lastKnownFileType = text.xcconfig; name = "Pods-GitHubExplorer.debug.xcconfig"; path = "Pods/Target Support Files/Pods-GitHubExplorer/Pods-GitHubExplorer.debug.xcconfig"; sourceTree = "<group>"; };
		9BC18E4E46CBCC4122DA969A /* Pods_GitHubExplorer.framework */ = {isa = PBXFileReference; explicitFileType = wrapper.framework; includeInIndex = 0; path = Pods_GitHubExplorer.framework; sourceTree = BUILT_PRODUCTS_DIR; };
		CD1F54251FEB2703009B0E5A /* API.swift */ = {isa = PBXFileReference; lastKnownFileType = sourcecode.swift; name = API.swift; path = GitHubExplorer/Networking/API.swift; sourceTree = SOURCE_ROOT; };
		CD1F54271FEB2BE7009B0E5A /* RequestProvider.swift */ = {isa = PBXFileReference; lastKnownFileType = sourcecode.swift; path = RequestProvider.swift; sourceTree = "<group>"; };
		CD1F54291FEB3C9B009B0E5A /* APIError.swift */ = {isa = PBXFileReference; lastKnownFileType = sourcecode.swift; path = APIError.swift; sourceTree = "<group>"; };
		CD3BB8521FDFD165003CBC75 /* GitHubExplorer.app */ = {isa = PBXFileReference; explicitFileType = wrapper.application; includeInIndex = 0; path = GitHubExplorer.app; sourceTree = BUILT_PRODUCTS_DIR; };
		CD3BB8551FDFD165003CBC75 /* AppDelegate.swift */ = {isa = PBXFileReference; lastKnownFileType = sourcecode.swift; path = AppDelegate.swift; sourceTree = "<group>"; };
		CD3BB8571FDFD165003CBC75 /* RepositoriesViewController.swift */ = {isa = PBXFileReference; lastKnownFileType = sourcecode.swift; path = RepositoriesViewController.swift; sourceTree = "<group>"; };
		CD3BB85A1FDFD165003CBC75 /* Base */ = {isa = PBXFileReference; lastKnownFileType = file.storyboard; name = Base; path = Base.lproj/Main.storyboard; sourceTree = "<group>"; };
		CD3BB85C1FDFD165003CBC75 /* Assets.xcassets */ = {isa = PBXFileReference; lastKnownFileType = folder.assetcatalog; path = Assets.xcassets; sourceTree = "<group>"; };
		CD3BB85F1FDFD165003CBC75 /* Base */ = {isa = PBXFileReference; lastKnownFileType = file.storyboard; name = Base; path = Base.lproj/LaunchScreen.storyboard; sourceTree = "<group>"; };
		CD3BB8611FDFD165003CBC75 /* Info.plist */ = {isa = PBXFileReference; lastKnownFileType = text.plist.xml; path = Info.plist; sourceTree = "<group>"; };
		CD3BB8701FDFE166003CBC75 /* CommitsViewController.swift */ = {isa = PBXFileReference; lastKnownFileType = sourcecode.swift; path = CommitsViewController.swift; sourceTree = "<group>"; };
		CD3BB8721FDFE192003CBC75 /* ReleasesViewController.swift */ = {isa = PBXFileReference; lastKnownFileType = sourcecode.swift; path = ReleasesViewController.swift; sourceTree = "<group>"; };
		CDB2F39E1FE559480079CFE7 /* R.generated.swift */ = {isa = PBXFileReference; fileEncoding = 4; lastKnownFileType = sourcecode.swift; name = R.generated.swift; path = "GitHubExplorer/Common/Supporting Files/R.generated.swift"; sourceTree = SOURCE_ROOT; };
		CDB2F3A01FE5595F0079CFE7 /* .gitignore */ = {isa = PBXFileReference; lastKnownFileType = text; path = .gitignore; sourceTree = SOURCE_ROOT; };
		CDB2F3A51FE5E2720079CFE7 /* GitHubAPI.swift */ = {isa = PBXFileReference; lastKnownFileType = sourcecode.swift; path = GitHubAPI.swift; sourceTree = "<group>"; };
		CDB2F3AA1FE699920079CFE7 /* Organization.swift */ = {isa = PBXFileReference; lastKnownFileType = sourcecode.swift; path = Organization.swift; sourceTree = "<group>"; };
		CDB2F3AE1FE6A3E00079CFE7 /* Repository.swift */ = {isa = PBXFileReference; lastKnownFileType = sourcecode.swift; path = Repository.swift; sourceTree = "<group>"; };
		CDB2F3B01FE6A9380079CFE7 /* Commit.swift */ = {isa = PBXFileReference; lastKnownFileType = sourcecode.swift; path = Commit.swift; sourceTree = "<group>"; };
		CDB2F3B21FE6A94F0079CFE7 /* Release.swift */ = {isa = PBXFileReference; lastKnownFileType = sourcecode.swift; path = Release.swift; sourceTree = "<group>"; };
		CDB2F3B41FE6AB900079CFE7 /* User.swift */ = {isa = PBXFileReference; lastKnownFileType = sourcecode.swift; path = User.swift; sourceTree = "<group>"; };
		CDB2F3B61FE6BD0C0079CFE7 /* GitHubRequestProvider.swift */ = {isa = PBXFileReference; lastKnownFileType = sourcecode.swift; path = GitHubRequestProvider.swift; sourceTree = "<group>"; };
		CDB8F22E1FE549B60060F5C0 /* Localized.strings */ = {isa = PBXFileReference; lastKnownFileType = text.plist.strings; path = Localized.strings; sourceTree = "<group>"; };
/* End PBXFileReference section */

/* Begin PBXFrameworksBuildPhase section */
		CD3BB84F1FDFD165003CBC75 /* Frameworks */ = {
			isa = PBXFrameworksBuildPhase;
			buildActionMask = 2147483647;
			files = (
				A9DB6A5EE16C804D8CABCD0B /* Pods_GitHubExplorer.framework in Frameworks */,
			);
			runOnlyForDeploymentPostprocessing = 0;
		};
/* End PBXFrameworksBuildPhase section */

/* Begin PBXGroup section */
		54549066CDBD53778E28C89C /* Frameworks */ = {
			isa = PBXGroup;
			children = (
				9BC18E4E46CBCC4122DA969A /* Pods_GitHubExplorer.framework */,
			);
			name = Frameworks;
			sourceTree = "<group>";
		};
		88F2F06B285C3182CC19B3E9 /* Pods */ = {
			isa = PBXGroup;
			children = (
				5ABFC5F1F6C9D96582B01C70 /* Pods-GitHubExplorer.debug.xcconfig */,
				07AB63340D0EE7B9A5A0938A /* Pods-GitHubExplorer.release.xcconfig */,
			);
			name = Pods;
			sourceTree = "<group>";
		};
		CD3BB8491FDFD165003CBC75 = {
			isa = PBXGroup;
			children = (
				CD3BB8541FDFD165003CBC75 /* GitHubExplorer */,
				CD3BB8531FDFD165003CBC75 /* Products */,
				88F2F06B285C3182CC19B3E9 /* Pods */,
				54549066CDBD53778E28C89C /* Frameworks */,
			);
			sourceTree = "<group>";
		};
		CD3BB8531FDFD165003CBC75 /* Products */ = {
			isa = PBXGroup;
			children = (
				CD3BB8521FDFD165003CBC75 /* GitHubExplorer.app */,
			);
			name = Products;
			sourceTree = "<group>";
		};
		CD3BB8541FDFD165003CBC75 /* GitHubExplorer */ = {
			isa = PBXGroup;
			children = (
				CD3BB8551FDFD165003CBC75 /* AppDelegate.swift */,
				CDB2F3A11FE577F80079CFE7 /* Networking */,
				CDB2F3A71FE6809C0079CFE7 /* Models */,
				CD3BB86B1FDFD240003CBC75 /* Scenes */,
				CD3BB8671FDFD1A1003CBC75 /* Common */,
			);
			path = GitHubExplorer;
			sourceTree = "<group>";
		};
		CD3BB8671FDFD1A1003CBC75 /* Common */ = {
			isa = PBXGroup;
			children = (
				CD3BB8681FDFD1C5003CBC75 /* Assets */,
				CD3BB86A1FDFD1E4003CBC75 /* Supporting Files */,
			);
			path = Common;
			sourceTree = "<group>";
		};
		CD3BB8681FDFD1C5003CBC75 /* Assets */ = {
			isa = PBXGroup;
			children = (
				CDB8F22E1FE549B60060F5C0 /* Localized.strings */,
				CD3BB85C1FDFD165003CBC75 /* Assets.xcassets */,
			);
			path = Assets;
			sourceTree = "<group>";
		};
		CD3BB86A1FDFD1E4003CBC75 /* Supporting Files */ = {
			isa = PBXGroup;
			children = (
				CD3BB8611FDFD165003CBC75 /* Info.plist */,
				CD3BB85E1FDFD165003CBC75 /* LaunchScreen.storyboard */,
				CDB2F39E1FE559480079CFE7 /* R.generated.swift */,
				CDB2F3A01FE5595F0079CFE7 /* .gitignore */,
			);
			path = "Supporting Files";
			sourceTree = "<group>";
		};
		CD3BB86B1FDFD240003CBC75 /* Scenes */ = {
			isa = PBXGroup;
			children = (
				CD3BB8591FDFD165003CBC75 /* Main.storyboard */,
				CD3BB86C1FDFD5AB003CBC75 /* Repositories */,
				CD3BB86E1FDFD6C1003CBC75 /* Commits */,
				CD3BB86F1FDFE11F003CBC75 /* Releases */,
			);
			path = Scenes;
			sourceTree = "<group>";
		};
		CD3BB86C1FDFD5AB003CBC75 /* Repositories */ = {
			isa = PBXGroup;
			children = (
				CD3BB8571FDFD165003CBC75 /* RepositoriesViewController.swift */,
			);
			path = Repositories;
			sourceTree = "<group>";
		};
		CD3BB86E1FDFD6C1003CBC75 /* Commits */ = {
			isa = PBXGroup;
			children = (
				CD3BB8701FDFE166003CBC75 /* CommitsViewController.swift */,
			);
			path = Commits;
			sourceTree = "<group>";
		};
		CD3BB86F1FDFE11F003CBC75 /* Releases */ = {
			isa = PBXGroup;
			children = (
				CD3BB8721FDFE192003CBC75 /* ReleasesViewController.swift */,
			);
			path = Releases;
			sourceTree = "<group>";
		};
		CDB2F3A11FE577F80079CFE7 /* Networking */ = {
			isa = PBXGroup;
			children = (
				CD1F54251FEB2703009B0E5A /* API.swift */,
				CD1F54291FEB3C9B009B0E5A /* APIError.swift */,
				CD1F54271FEB2BE7009B0E5A /* RequestProvider.swift */,
				CDB2F3AD1FE6A18D0079CFE7 /* GitHub */,
			);
			path = Networking;
			sourceTree = "<group>";
		};
		CDB2F3A71FE6809C0079CFE7 /* Models */ = {
			isa = PBXGroup;
			children = (
				CDB2F3AA1FE699920079CFE7 /* Organization.swift */,
				CDB2F3AE1FE6A3E00079CFE7 /* Repository.swift */,
				CDB2F3B01FE6A9380079CFE7 /* Commit.swift */,
				CDB2F3B21FE6A94F0079CFE7 /* Release.swift */,
				CDB2F3B41FE6AB900079CFE7 /* User.swift */,
			);
			path = Models;
			sourceTree = "<group>";
		};
		CDB2F3AD1FE6A18D0079CFE7 /* GitHub */ = {
			isa = PBXGroup;
			children = (
				CDB2F3A51FE5E2720079CFE7 /* GitHubAPI.swift */,
				CDB2F3B61FE6BD0C0079CFE7 /* GitHubRequestProvider.swift */,
			);
			path = GitHub;
			sourceTree = "<group>";
		};
/* End PBXGroup section */

/* Begin PBXNativeTarget section */
		CD3BB8511FDFD165003CBC75 /* GitHubExplorer */ = {
			isa = PBXNativeTarget;
			buildConfigurationList = CD3BB8641FDFD165003CBC75 /* Build configuration list for PBXNativeTarget "GitHubExplorer" */;
			buildPhases = (
				06B55057F9503DD98B95CE68 /* [CP] Check Pods Manifest.lock */,
				CDB2F39D1FE558B30079CFE7 /* Build R.generated.swift */,
				CD3BB84E1FDFD165003CBC75 /* Sources */,
				CD3BB84F1FDFD165003CBC75 /* Frameworks */,
				CD3BB8501FDFD165003CBC75 /* Resources */,
				EA433060D0CAD5B30CEF00B2 /* [CP] Embed Pods Frameworks */,
				711FB7D7DD22F85D8BD2CEF6 /* [CP] Copy Pods Resources */,
			);
			buildRules = (
			);
			dependencies = (
			);
			name = GitHubExplorer;
			productName = GitHubExplorer;
			productReference = CD3BB8521FDFD165003CBC75 /* GitHubExplorer.app */;
			productType = "com.apple.product-type.application";
		};
/* End PBXNativeTarget section */

/* Begin PBXProject section */
		CD3BB84A1FDFD165003CBC75 /* Project object */ = {
			isa = PBXProject;
			attributes = {
				LastSwiftUpdateCheck = 0920;
				LastUpgradeCheck = 0920;
				ORGANIZATIONNAME = McPie;
				TargetAttributes = {
					CD3BB8511FDFD165003CBC75 = {
						CreatedOnToolsVersion = 9.2;
						ProvisioningStyle = Automatic;
					};
				};
			};
			buildConfigurationList = CD3BB84D1FDFD165003CBC75 /* Build configuration list for PBXProject "GitHubExplorer" */;
			compatibilityVersion = "Xcode 8.0";
			developmentRegion = en;
			hasScannedForEncodings = 0;
			knownRegions = (
				en,
				Base,
			);
			mainGroup = CD3BB8491FDFD165003CBC75;
			productRefGroup = CD3BB8531FDFD165003CBC75 /* Products */;
			projectDirPath = "";
			projectRoot = "";
			targets = (
				CD3BB8511FDFD165003CBC75 /* GitHubExplorer */,
			);
		};
/* End PBXProject section */

/* Begin PBXResourcesBuildPhase section */
		CD3BB8501FDFD165003CBC75 /* Resources */ = {
			isa = PBXResourcesBuildPhase;
			buildActionMask = 2147483647;
			files = (
				CDB8F22F1FE549B60060F5C0 /* Localized.strings in Resources */,
				CD3BB8601FDFD165003CBC75 /* LaunchScreen.storyboard in Resources */,
				CD3BB85D1FDFD165003CBC75 /* Assets.xcassets in Resources */,
				CD3BB85B1FDFD165003CBC75 /* Main.storyboard in Resources */,
			);
			runOnlyForDeploymentPostprocessing = 0;
		};
/* End PBXResourcesBuildPhase section */

/* Begin PBXShellScriptBuildPhase section */
		06B55057F9503DD98B95CE68 /* [CP] Check Pods Manifest.lock */ = {
			isa = PBXShellScriptBuildPhase;
			buildActionMask = 2147483647;
			files = (
			);
			inputPaths = (
				"${PODS_PODFILE_DIR_PATH}/Podfile.lock",
				"${PODS_ROOT}/Manifest.lock",
			);
			name = "[CP] Check Pods Manifest.lock";
			outputPaths = (
				"$(DERIVED_FILE_DIR)/Pods-GitHubExplorer-checkManifestLockResult.txt",
			);
			runOnlyForDeploymentPostprocessing = 0;
			shellPath = /bin/sh;
			shellScript = "diff \"${PODS_PODFILE_DIR_PATH}/Podfile.lock\" \"${PODS_ROOT}/Manifest.lock\" > /dev/null\nif [ $? != 0 ] ; then\n    # print error to STDERR\n    echo \"error: The sandbox is not in sync with the Podfile.lock. Run 'pod install' or update your CocoaPods installation.\" >&2\n    exit 1\nfi\n# This output is used by Xcode 'outputs' to avoid re-running this script phase.\necho \"SUCCESS\" > \"${SCRIPT_OUTPUT_FILE_0}\"\n";
			showEnvVarsInLog = 0;
		};
		711FB7D7DD22F85D8BD2CEF6 /* [CP] Copy Pods Resources */ = {
			isa = PBXShellScriptBuildPhase;
			buildActionMask = 2147483647;
			files = (
			);
			inputPaths = (
			);
			name = "[CP] Copy Pods Resources";
			outputPaths = (
			);
			runOnlyForDeploymentPostprocessing = 0;
			shellPath = /bin/sh;
			shellScript = "\"${SRCROOT}/Pods/Target Support Files/Pods-GitHubExplorer/Pods-GitHubExplorer-resources.sh\"\n";
			showEnvVarsInLog = 0;
		};
		CDB2F39D1FE558B30079CFE7 /* Build R.generated.swift */ = {
			isa = PBXShellScriptBuildPhase;
			buildActionMask = 2147483647;
			files = (
			);
			inputPaths = (
			);
			name = "Build R.generated.swift";
			outputPaths = (
			);
			runOnlyForDeploymentPostprocessing = 0;
			shellPath = /bin/sh;
			shellScript = "\"$PODS_ROOT/R.swift/rswift\" generate \"$SRCROOT\"";
		};
		EA433060D0CAD5B30CEF00B2 /* [CP] Embed Pods Frameworks */ = {
			isa = PBXShellScriptBuildPhase;
			buildActionMask = 2147483647;
			files = (
			);
			inputPaths = (
				"${SRCROOT}/Pods/Target Support Files/Pods-GitHubExplorer/Pods-GitHubExplorer-frameworks.sh",
				"${BUILT_PRODUCTS_DIR}/Alamofire/Alamofire.framework",
				"${BUILT_PRODUCTS_DIR}/Moya/Moya.framework",
				"${BUILT_PRODUCTS_DIR}/R.swift.Library/Rswift.framework",
				"${BUILT_PRODUCTS_DIR}/Result/Result.framework",
			);
			name = "[CP] Embed Pods Frameworks";
			outputPaths = (
				"${TARGET_BUILD_DIR}/${FRAMEWORKS_FOLDER_PATH}/Alamofire.framework",
				"${TARGET_BUILD_DIR}/${FRAMEWORKS_FOLDER_PATH}/Moya.framework",
				"${TARGET_BUILD_DIR}/${FRAMEWORKS_FOLDER_PATH}/Rswift.framework",
				"${TARGET_BUILD_DIR}/${FRAMEWORKS_FOLDER_PATH}/Result.framework",
			);
			runOnlyForDeploymentPostprocessing = 0;
			shellPath = /bin/sh;
			shellScript = "\"${SRCROOT}/Pods/Target Support Files/Pods-GitHubExplorer/Pods-GitHubExplorer-frameworks.sh\"\n";
			showEnvVarsInLog = 0;
		};
/* End PBXShellScriptBuildPhase section */

/* Begin PBXSourcesBuildPhase section */
		CD3BB84E1FDFD165003CBC75 /* Sources */ = {
			isa = PBXSourcesBuildPhase;
			buildActionMask = 2147483647;
			files = (
				CDB2F3B11FE6A9380079CFE7 /* Commit.swift in Sources */,
				CDB2F3B71FE6BD0C0079CFE7 /* GitHubRequestProvider.swift in Sources */,
				CDB2F3B31FE6A94F0079CFE7 /* Release.swift in Sources */,
				CD3BB8581FDFD165003CBC75 /* RepositoriesViewController.swift in Sources */,
				CD3BB8561FDFD165003CBC75 /* AppDelegate.swift in Sources */,
				CDB2F39F1FE559490079CFE7 /* R.generated.swift in Sources */,
				CDB2F3AF1FE6A3E00079CFE7 /* Repository.swift in Sources */,
				CD3BB8731FDFE192003CBC75 /* ReleasesViewController.swift in Sources */,
				CD1F542A1FEB3C9B009B0E5A /* APIError.swift in Sources */,
				CD1F54261FEB2703009B0E5A /* API.swift in Sources */,
				CDB2F3AB1FE699920079CFE7 /* Organization.swift in Sources */,
				CD1F54281FEB2BE7009B0E5A /* RequestProvider.swift in Sources */,
				CDB2F3A61FE5E2720079CFE7 /* GitHubAPI.swift in Sources */,
				CD3BB8711FDFE166003CBC75 /* CommitsViewController.swift in Sources */,
				CDB2F3B51FE6AB900079CFE7 /* User.swift in Sources */,
			);
			runOnlyForDeploymentPostprocessing = 0;
		};
/* End PBXSourcesBuildPhase section */

/* Begin PBXVariantGroup section */
		CD3BB8591FDFD165003CBC75 /* Main.storyboard */ = {
			isa = PBXVariantGroup;
			children = (
				CD3BB85A1FDFD165003CBC75 /* Base */,
			);
			name = Main.storyboard;
			sourceTree = "<group>";
		};
		CD3BB85E1FDFD165003CBC75 /* LaunchScreen.storyboard */ = {
			isa = PBXVariantGroup;
			children = (
				CD3BB85F1FDFD165003CBC75 /* Base */,
			);
			name = LaunchScreen.storyboard;
			sourceTree = "<group>";
		};
/* End PBXVariantGroup section */

/* Begin XCBuildConfiguration section */
		CD3BB8621FDFD165003CBC75 /* Debug */ = {
			isa = XCBuildConfiguration;
			buildSettings = {
				ALWAYS_SEARCH_USER_PATHS = NO;
				CLANG_ANALYZER_NONNULL = YES;
				CLANG_ANALYZER_NUMBER_OBJECT_CONVERSION = YES_AGGRESSIVE;
				CLANG_CXX_LANGUAGE_STANDARD = "gnu++14";
				CLANG_CXX_LIBRARY = "libc++";
				CLANG_ENABLE_MODULES = YES;
				CLANG_ENABLE_OBJC_ARC = YES;
				CLANG_WARN_BLOCK_CAPTURE_AUTORELEASING = YES;
				CLANG_WARN_BOOL_CONVERSION = YES;
				CLANG_WARN_COMMA = YES;
				CLANG_WARN_CONSTANT_CONVERSION = YES;
				CLANG_WARN_DIRECT_OBJC_ISA_USAGE = YES_ERROR;
				CLANG_WARN_DOCUMENTATION_COMMENTS = YES;
				CLANG_WARN_EMPTY_BODY = YES;
				CLANG_WARN_ENUM_CONVERSION = YES;
				CLANG_WARN_INFINITE_RECURSION = YES;
				CLANG_WARN_INT_CONVERSION = YES;
				CLANG_WARN_NON_LITERAL_NULL_CONVERSION = YES;
				CLANG_WARN_OBJC_LITERAL_CONVERSION = YES;
				CLANG_WARN_OBJC_ROOT_CLASS = YES_ERROR;
				CLANG_WARN_RANGE_LOOP_ANALYSIS = YES;
				CLANG_WARN_STRICT_PROTOTYPES = YES;
				CLANG_WARN_SUSPICIOUS_MOVE = YES;
				CLANG_WARN_UNGUARDED_AVAILABILITY = YES_AGGRESSIVE;
				CLANG_WARN_UNREACHABLE_CODE = YES;
				CLANG_WARN__DUPLICATE_METHOD_MATCH = YES;
				CODE_SIGN_IDENTITY = "iPhone Developer";
				COPY_PHASE_STRIP = NO;
				DEBUG_INFORMATION_FORMAT = dwarf;
				ENABLE_STRICT_OBJC_MSGSEND = YES;
				ENABLE_TESTABILITY = YES;
				GCC_C_LANGUAGE_STANDARD = gnu11;
				GCC_DYNAMIC_NO_PIC = NO;
				GCC_NO_COMMON_BLOCKS = YES;
				GCC_OPTIMIZATION_LEVEL = 0;
				GCC_PREPROCESSOR_DEFINITIONS = (
					"DEBUG=1",
					"$(inherited)",
				);
				GCC_WARN_64_TO_32_BIT_CONVERSION = YES;
				GCC_WARN_ABOUT_RETURN_TYPE = YES_ERROR;
				GCC_WARN_UNDECLARED_SELECTOR = YES;
				GCC_WARN_UNINITIALIZED_AUTOS = YES_AGGRESSIVE;
				GCC_WARN_UNUSED_FUNCTION = YES;
				GCC_WARN_UNUSED_VARIABLE = YES;
				IPHONEOS_DEPLOYMENT_TARGET = 11.2;
				MTL_ENABLE_DEBUG_INFO = YES;
				ONLY_ACTIVE_ARCH = YES;
				SDKROOT = iphoneos;
				SWIFT_ACTIVE_COMPILATION_CONDITIONS = DEBUG;
				SWIFT_OPTIMIZATION_LEVEL = "-Onone";
			};
			name = Debug;
		};
		CD3BB8631FDFD165003CBC75 /* Release */ = {
			isa = XCBuildConfiguration;
			buildSettings = {
				ALWAYS_SEARCH_USER_PATHS = NO;
				CLANG_ANALYZER_NONNULL = YES;
				CLANG_ANALYZER_NUMBER_OBJECT_CONVERSION = YES_AGGRESSIVE;
				CLANG_CXX_LANGUAGE_STANDARD = "gnu++14";
				CLANG_CXX_LIBRARY = "libc++";
				CLANG_ENABLE_MODULES = YES;
				CLANG_ENABLE_OBJC_ARC = YES;
				CLANG_WARN_BLOCK_CAPTURE_AUTORELEASING = YES;
				CLANG_WARN_BOOL_CONVERSION = YES;
				CLANG_WARN_COMMA = YES;
				CLANG_WARN_CONSTANT_CONVERSION = YES;
				CLANG_WARN_DIRECT_OBJC_ISA_USAGE = YES_ERROR;
				CLANG_WARN_DOCUMENTATION_COMMENTS = YES;
				CLANG_WARN_EMPTY_BODY = YES;
				CLANG_WARN_ENUM_CONVERSION = YES;
				CLANG_WARN_INFINITE_RECURSION = YES;
				CLANG_WARN_INT_CONVERSION = YES;
				CLANG_WARN_NON_LITERAL_NULL_CONVERSION = YES;
				CLANG_WARN_OBJC_LITERAL_CONVERSION = YES;
				CLANG_WARN_OBJC_ROOT_CLASS = YES_ERROR;
				CLANG_WARN_RANGE_LOOP_ANALYSIS = YES;
				CLANG_WARN_STRICT_PROTOTYPES = YES;
				CLANG_WARN_SUSPICIOUS_MOVE = YES;
				CLANG_WARN_UNGUARDED_AVAILABILITY = YES_AGGRESSIVE;
				CLANG_WARN_UNREACHABLE_CODE = YES;
				CLANG_WARN__DUPLICATE_METHOD_MATCH = YES;
				CODE_SIGN_IDENTITY = "iPhone Developer";
				COPY_PHASE_STRIP = NO;
				DEBUG_INFORMATION_FORMAT = "dwarf-with-dsym";
				ENABLE_NS_ASSERTIONS = NO;
				ENABLE_STRICT_OBJC_MSGSEND = YES;
				GCC_C_LANGUAGE_STANDARD = gnu11;
				GCC_NO_COMMON_BLOCKS = YES;
				GCC_WARN_64_TO_32_BIT_CONVERSION = YES;
				GCC_WARN_ABOUT_RETURN_TYPE = YES_ERROR;
				GCC_WARN_UNDECLARED_SELECTOR = YES;
				GCC_WARN_UNINITIALIZED_AUTOS = YES_AGGRESSIVE;
				GCC_WARN_UNUSED_FUNCTION = YES;
				GCC_WARN_UNUSED_VARIABLE = YES;
				IPHONEOS_DEPLOYMENT_TARGET = 11.2;
				MTL_ENABLE_DEBUG_INFO = NO;
				SDKROOT = iphoneos;
				SWIFT_OPTIMIZATION_LEVEL = "-Owholemodule";
				VALIDATE_PRODUCT = YES;
			};
			name = Release;
		};
		CD3BB8651FDFD165003CBC75 /* Debug */ = {
			isa = XCBuildConfiguration;
			baseConfigurationReference = 5ABFC5F1F6C9D96582B01C70 /* Pods-GitHubExplorer.debug.xcconfig */;
			buildSettings = {
				ASSETCATALOG_COMPILER_APPICON_NAME = AppIcon;
				CODE_SIGN_STYLE = Automatic;
				DEVELOPMENT_TEAM = 363QQW8CCL;
				INFOPLIST_FILE = "$(SRCROOT)/GitHubExplorer/Common/Supporting Files/Info.plist";
				IPHONEOS_DEPLOYMENT_TARGET = 11.2;
				LD_RUNPATH_SEARCH_PATHS = "$(inherited) @executable_path/Frameworks";
				PRODUCT_BUNDLE_IDENTIFIER = com.mcpie.GitHubExplorer;
				PRODUCT_NAME = "$(TARGET_NAME)";
				SWIFT_VERSION = 4.0;
				TARGETED_DEVICE_FAMILY = 1;
			};
			name = Debug;
		};
		CD3BB8661FDFD165003CBC75 /* Release */ = {
			isa = XCBuildConfiguration;
			baseConfigurationReference = 07AB63340D0EE7B9A5A0938A /* Pods-GitHubExplorer.release.xcconfig */;
			buildSettings = {
				ASSETCATALOG_COMPILER_APPICON_NAME = AppIcon;
				CODE_SIGN_STYLE = Automatic;
				DEVELOPMENT_TEAM = 363QQW8CCL;
				INFOPLIST_FILE = "$(SRCROOT)/GitHubExplorer/Common/Supporting Files/Info.plist";
				IPHONEOS_DEPLOYMENT_TARGET = 11.2;
				LD_RUNPATH_SEARCH_PATHS = "$(inherited) @executable_path/Frameworks";
				PRODUCT_BUNDLE_IDENTIFIER = com.mcpie.GitHubExplorer;
				PRODUCT_NAME = "$(TARGET_NAME)";
				SWIFT_VERSION = 4.0;
				TARGETED_DEVICE_FAMILY = 1;
			};
			name = Release;
		};
/* End XCBuildConfiguration section */

/* Begin XCConfigurationList section */
		CD3BB84D1FDFD165003CBC75 /* Build configuration list for PBXProject "GitHubExplorer" */ = {
			isa = XCConfigurationList;
			buildConfigurations = (
				CD3BB8621FDFD165003CBC75 /* Debug */,
				CD3BB8631FDFD165003CBC75 /* Release */,
			);
			defaultConfigurationIsVisible = 0;
			defaultConfigurationName = Release;
		};
		CD3BB8641FDFD165003CBC75 /* Build configuration list for PBXNativeTarget "GitHubExplorer" */ = {
			isa = XCConfigurationList;
			buildConfigurations = (
				CD3BB8651FDFD165003CBC75 /* Debug */,
				CD3BB8661FDFD165003CBC75 /* Release */,
			);
			defaultConfigurationIsVisible = 0;
			defaultConfigurationName = Release;
		};
/* End XCConfigurationList section */
	};
	rootObject = CD3BB84A1FDFD165003CBC75 /* Project object */;
}
